
Microsoft Visual Studio Solution File, Format Version 12.00
# Visual Studio 15
VisualStudioVersion = 15.0.28307.421
MinimumVisualStudioVersion = 10.0.40219.1
Project("{888888A0-9F3D-457C-B088-3A5042F75D52}") = "petstore", "petstore\petstore.pyproj", "{88BF4920-82A9-4E26-AE38-90FDE96102F5}"
EndProject
Global
	GlobalSection(SolutionConfigurationPlatforms) = preSolution
		Debug|Any CPU = Debug|Any CPU
		Release|Any CPU = Release|Any CPU
	EndGlobalSection
	GlobalSection(ProjectConfigurationPlatforms) = postSolution
		{88BF4920-82A9-4E26-AE38-90FDE96102F5}.Debug|Any CPU.ActiveCfg = Debug|Any CPU
		{88BF4920-82A9-4E26-AE38-90FDE96102F5}.Release|Any CPU.ActiveCfg = Release|Any CPU
	EndGlobalSection
	GlobalSection(SolutionProperties) = preSolution
		HideSolutionNode = FALSE
	EndGlobalSection
	GlobalSection(ExtensibilityGlobals) = postSolution
		SolutionGuid = {B74E4F17-26F2-480E-B68D-347A22F67F18}
	EndGlobalSection
EndGlobal
